
Microsoft Visual Studio Solution File, Format Version 12.00
# Visual Studio Version 17
VisualStudioVersion = 17.5.33424.131
MinimumVisualStudioVersion = 10.0.40219.1
Project("{FAE04EC0-301F-11D3-BF4B-00C04F79EFBC}") = "DelegatorOperatorPrac", "DelegatorOperatorPrac\DelegatorOperatorPrac.csproj", "{0E6AB9BF-E358-4EFA-8036-6C71B118BC43}"
EndProject
Global
	GlobalSection(SolutionConfigurationPlatforms) = preSolution
		Debug|Any CPU = Debug|Any CPU
		Release|Any CPU = Release|Any CPU
	EndGlobalSection
	GlobalSection(ProjectConfigurationPlatforms) = postSolution
		{0E6AB9BF-E358-4EFA-8036-6C71B118BC43}.Debug|Any CPU.ActiveCfg = Debug|Any CPU
		{0E6AB9BF-E358-4EFA-8036-6C71B118BC43}.Debug|Any CPU.Build.0 = Debug|Any CPU
		{0E6AB9BF-E358-4EFA-8036-6C71B118BC43}.Release|Any CPU.ActiveCfg = Release|Any CPU
		{0E6AB9BF-E358-4EFA-8036-6C71B118BC43}.Release|Any CPU.Build.0 = Release|Any CPU
	EndGlobalSection
	GlobalSection(SolutionProperties) = preSolution
		HideSolutionNode = FALSE
	EndGlobalSection
	GlobalSection(ExtensibilityGlobals) = postSolution
		SolutionGuid = {CA368593-492A-40DC-9D96-19496A61185A}
	EndGlobalSection
EndGlobal
